
Microsoft Visual Studio Solution File, Format Version 12.00
# Visual Studio Version 16
VisualStudioVersion = 16.0.30804.86
MinimumVisualStudioVersion = 10.0.40219.1
Project("{FAE04EC0-301F-11D3-BF4B-00C04F79EFBC}") = "LeetCode", "LeetCode.csproj", "{81BA0AA9-E69C-4DF7-978E-138A89208C51}"
EndProject
Project("{FAE04EC0-301F-11D3-BF4B-00C04F79EFBC}") = "LeetCodeTests", "..\LeetCodeTests\LeetCodeTests.csproj", "{6226487C-39EE-418C-99C2-9FD832E3DB64}"
EndProject
Global
	GlobalSection(SolutionConfigurationPlatforms) = preSolution
		Debug|Any CPU = Debug|Any CPU
		Release|Any CPU = Release|Any CPU
	EndGlobalSection
	GlobalSection(ProjectConfigurationPlatforms) = postSolution
		{81BA0AA9-E69C-4DF7-978E-138A89208C51}.Debug|Any CPU.ActiveCfg = Debug|Any CPU
		{81BA0AA9-E69C-4DF7-978E-138A89208C51}.Debug|Any CPU.Build.0 = Debug|Any CPU
		{81BA0AA9-E69C-4DF7-978E-138A89208C51}.Release|Any CPU.ActiveCfg = Release|Any CPU
		{81BA0AA9-E69C-4DF7-978E-138A89208C51}.Release|Any CPU.Build.0 = Release|Any CPU
		{6226487C-39EE-418C-99C2-9FD832E3DB64}.Debug|Any CPU.ActiveCfg = Debug|Any CPU
		{6226487C-39EE-418C-99C2-9FD832E3DB64}.Debug|Any CPU.Build.0 = Debug|Any CPU
		{6226487C-39EE-418C-99C2-9FD832E3DB64}.Release|Any CPU.ActiveCfg = Release|Any CPU
		{6226487C-39EE-418C-99C2-9FD832E3DB64}.Release|Any CPU.Build.0 = Release|Any CPU
	EndGlobalSection
	GlobalSection(SolutionProperties) = preSolution
		HideSolutionNode = FALSE
	EndGlobalSection
	GlobalSection(ExtensibilityGlobals) = postSolution
		SolutionGuid = {53A58D04-7D01-4927-92D5-502F8057F3E3}
	EndGlobalSection
EndGlobal
